// !$*UTF8*$!
{
	archiveVersion = 1;
	classes = {
	};
	objectVersion = 46;
	objects = {

/* Begin PBXBuildFile section */
		AA8DCFA21B2F61B1001D260E /* UIView+AutoLayoutHelper.m in Sources */ = {isa = PBXBuildFile; fileRef = AA8DCFA01B2F61B1001D260E /* UIView+AutoLayoutHelper.m */; };
		AAF54A061B2F57D000CBDB96 /* main.m in Sources */ = {isa = PBXBuildFile; fileRef = AAF54A051B2F57D000CBDB96 /* main.m */; };
		AAF54A091B2F57D000CBDB96 /* AppDelegate.m in Sources */ = {isa = PBXBuildFile; fileRef = AAF54A081B2F57D000CBDB96 /* AppDelegate.m */; };
		AAF54A0C1B2F57D000CBDB96 /* ViewController.m in Sources */ = {isa = PBXBuildFile; fileRef = AAF54A0B1B2F57D000CBDB96 /* ViewController.m */; };
		AAF54A0F1B2F57D000CBDB96 /* Main.storyboard in Resources */ = {isa = PBXBuildFile; fileRef = AAF54A0D1B2F57D000CBDB96 /* Main.storyboard */; };
		AAF54A111B2F57D000CBDB96 /* Images.xcassets in Resources */ = {isa = PBXBuildFile; fileRef = AAF54A101B2F57D000CBDB96 /* Images.xcassets */; };
		AAF54A141B2F57D000CBDB96 /* LaunchScreen.xib in Resources */ = {isa = PBXBuildFile; fileRef = AAF54A121B2F57D000CBDB96 /* LaunchScreen.xib */; };
		AAF54A201B2F57D000CBDB96 /* AutoLayoutHelperTests.m in Sources */ = {isa = PBXBuildFile; fileRef = AAF54A1F1B2F57D000CBDB96 /* AutoLayoutHelperTests.m */; };
/* End PBXBuildFile section */

/* Begin PBXContainerItemProxy section */
		AAF54A1A1B2F57D000CBDB96 /* PBXContainerItemProxy */ = {
			isa = PBXContainerItemProxy;
			containerPortal = AAF549F81B2F57D000CBDB96 /* Project object */;
			proxyType = 1;
			remoteGlobalIDString = AAF549FF1B2F57D000CBDB96;
			remoteInfo = AutoLayoutHelper;
		};
/* End PBXContainerItemProxy section */

/* Begin PBXFileReference section */
		AA8DCFA01B2F61B1001D260E /* UIView+AutoLayoutHelper.m */ = {isa = PBXFileReference; fileEncoding = 4; lastKnownFileType = sourcecode.c.objc; path = "UIView+AutoLayoutHelper.m"; sourceTree = "<group>"; };
		AA8DCFA11B2F61B1001D260E /* UIView+AutoLayoutHelper.h */ = {isa = PBXFileReference; fileEncoding = 4; lastKnownFileType = sourcecode.c.h; path = "UIView+AutoLayoutHelper.h"; sourceTree = "<group>"; };
		AAF54A001B2F57D000CBDB96 /* AutoLayoutHelper.app */ = {isa = PBXFileReference; explicitFileType = wrapper.application; includeInIndex = 0; path = AutoLayoutHelper.app; sourceTree = BUILT_PRODUCTS_DIR; };
		AAF54A041B2F57D000CBDB96 /* Info.plist */ = {isa = PBXFileReference; lastKnownFileType = text.plist.xml; path = Info.plist; sourceTree = "<group>"; };
		AAF54A051B2F57D000CBDB96 /* main.m */ = {isa = PBXFileReference; lastKnownFileType = sourcecode.c.objc; path = main.m; sourceTree = "<group>"; };
		AAF54A071B2F57D000CBDB96 /* AppDelegate.h */ = {isa = PBXFileReference; lastKnownFileType = sourcecode.c.h; path = AppDelegate.h; sourceTree = "<group>"; };
		AAF54A081B2F57D000CBDB96 /* AppDelegate.m */ = {isa = PBXFileReference; lastKnownFileType = sourcecode.c.objc; path = AppDelegate.m; sourceTree = "<group>"; };
		AAF54A0A1B2F57D000CBDB96 /* ViewController.h */ = {isa = PBXFileReference; lastKnownFileType = sourcecode.c.h; path = ViewController.h; sourceTree = "<group>"; };
		AAF54A0B1B2F57D000CBDB96 /* ViewController.m */ = {isa = PBXFileReference; lastKnownFileType = sourcecode.c.objc; path = ViewController.m; sourceTree = "<group>"; };
		AAF54A0E1B2F57D000CBDB96 /* Base */ = {isa = PBXFileReference; lastKnownFileType = file.storyboard; name = Base; path = Base.lproj/Main.storyboard; sourceTree = "<group>"; };
		AAF54A101B2F57D000CBDB96 /* Images.xcassets */ = {isa = PBXFileReference; lastKnownFileType = folder.assetcatalog; path = Images.xcassets; sourceTree = "<group>"; };
		AAF54A131B2F57D000CBDB96 /* Base */ = {isa = PBXFileReference; lastKnownFileType = file.xib; name = Base; path = Base.lproj/LaunchScreen.xib; sourceTree = "<group>"; };
		AAF54A191B2F57D000CBDB96 /* AutoLayoutHelperTests.xctest */ = {isa = PBXFileReference; explicitFileType = wrapper.cfbundle; includeInIndex = 0; path = AutoLayoutHelperTests.xctest; sourceTree = BUILT_PRODUCTS_DIR; };
		AAF54A1E1B2F57D000CBDB96 /* Info.plist */ = {isa = PBXFileReference; lastKnownFileType = text.plist.xml; path = Info.plist; sourceTree = "<group>"; };
		AAF54A1F1B2F57D000CBDB96 /* AutoLayoutHelperTests.m */ = {isa = PBXFileReference; lastKnownFileType = sourcecode.c.objc; path = AutoLayoutHelperTests.m; sourceTree = "<group>"; };
/* End PBXFileReference section */

/* Begin PBXFrameworksBuildPhase section */
		AAF549FD1B2F57D000CBDB96 /* Frameworks */ = {
			isa = PBXFrameworksBuildPhase;
			buildActionMask = 2147483647;
			files = (
			);
			runOnlyForDeploymentPostprocessing = 0;
		};
		AAF54A161B2F57D000CBDB96 /* Frameworks */ = {
			isa = PBXFrameworksBuildPhase;
			buildActionMask = 2147483647;
			files = (
			);
			runOnlyForDeploymentPostprocessing = 0;
		};
/* End PBXFrameworksBuildPhase section */

/* Begin PBXGroup section */
		AAF549F71B2F57D000CBDB96 = {
			isa = PBXGroup;
			children = (
				AAF54A021B2F57D000CBDB96 /* AutoLayoutHelper */,
				AAF54A1C1B2F57D000CBDB96 /* AutoLayoutHelperTests */,
				AAF54A011B2F57D000CBDB96 /* Products */,
			);
			sourceTree = "<group>";
		};
		AAF54A011B2F57D000CBDB96 /* Products */ = {
			isa = PBXGroup;
			children = (
				AAF54A001B2F57D000CBDB96 /* AutoLayoutHelper.app */,
				AAF54A191B2F57D000CBDB96 /* AutoLayoutHelperTests.xctest */,
			);
			name = Products;
			sourceTree = "<group>";
		};
		AAF54A021B2F57D000CBDB96 /* AutoLayoutHelper */ = {
			isa = PBXGroup;
			children = (
				AA8DCFA11B2F61B1001D260E /* UIView+AutoLayoutHelper.h */,
				AA8DCFA01B2F61B1001D260E /* UIView+AutoLayoutHelper.m */,
				AAF54A071B2F57D000CBDB96 /* AppDelegate.h */,
				AAF54A081B2F57D000CBDB96 /* AppDelegate.m */,
				AAF54A0A1B2F57D000CBDB96 /* ViewController.h */,
				AAF54A0B1B2F57D000CBDB96 /* ViewController.m */,
				AAF54A0D1B2F57D000CBDB96 /* Main.storyboard */,
				AAF54A101B2F57D000CBDB96 /* Images.xcassets */,
				AAF54A121B2F57D000CBDB96 /* LaunchScreen.xib */,
				AAF54A031B2F57D000CBDB96 /* Supporting Files */,
			);
			path = AutoLayoutHelper;
			sourceTree = "<group>";
		};
		AAF54A031B2F57D000CBDB96 /* Supporting Files */ = {
			isa = PBXGroup;
			children = (
				AAF54A041B2F57D000CBDB96 /* Info.plist */,
				AAF54A051B2F57D000CBDB96 /* main.m */,
			);
			name = "Supporting Files";
			sourceTree = "<group>";
		};
		AAF54A1C1B2F57D000CBDB96 /* AutoLayoutHelperTests */ = {
			isa = PBXGroup;
			children = (
				AAF54A1F1B2F57D000CBDB96 /* AutoLayoutHelperTests.m */,
				AAF54A1D1B2F57D000CBDB96 /* Supporting Files */,
			);
			path = AutoLayoutHelperTests;
			sourceTree = "<group>";
		};
		AAF54A1D1B2F57D000CBDB96 /* Supporting Files */ = {
			isa = PBXGroup;
			children = (
				AAF54A1E1B2F57D000CBDB96 /* Info.plist */,
			);
			name = "Supporting Files";
			sourceTree = "<group>";
		};
/* End PBXGroup section */

/* Begin PBXNativeTarget section */
		AAF549FF1B2F57D000CBDB96 /* AutoLayoutHelper */ = {
			isa = PBXNativeTarget;
			buildConfigurationList = AAF54A231B2F57D000CBDB96 /* Build configuration list for PBXNativeTarget "AutoLayoutHelper" */;
			buildPhases = (
				AAF549FC1B2F57D000CBDB96 /* Sources */,
				AAF549FD1B2F57D000CBDB96 /* Frameworks */,
				AAF549FE1B2F57D000CBDB96 /* Resources */,
			);
			buildRules = (
			);
			dependencies = (
			);
			name = AutoLayoutHelper;
			productName = AutoLayoutHelper;
			productReference = AAF54A001B2F57D000CBDB96 /* AutoLayoutHelper.app */;
			productType = "com.apple.product-type.application";
		};
		AAF54A181B2F57D000CBDB96 /* AutoLayoutHelperTests */ = {
			isa = PBXNativeTarget;
			buildConfigurationList = AAF54A261B2F57D000CBDB96 /* Build configuration list for PBXNativeTarget "AutoLayoutHelperTests" */;
			buildPhases = (
				AAF54A151B2F57D000CBDB96 /* Sources */,
				AAF54A161B2F57D000CBDB96 /* Frameworks */,
				AAF54A171B2F57D000CBDB96 /* Resources */,
			);
			buildRules = (
			);
			dependencies = (
				AAF54A1B1B2F57D000CBDB96 /* PBXTargetDependency */,
			);
			name = AutoLayoutHelperTests;
			productName = AutoLayoutHelperTests;
			productReference = AAF54A191B2F57D000CBDB96 /* AutoLayoutHelperTests.xctest */;
			productType = "com.apple.product-type.bundle.unit-test";
		};
/* End PBXNativeTarget section */

/* Begin PBXProject section */
		AAF549F81B2F57D000CBDB96 /* Project object */ = {
			isa = PBXProject;
			attributes = {
				LastUpgradeCheck = 0630;
				ORGANIZATIONNAME = ustwo;
				TargetAttributes = {
					AAF549FF1B2F57D000CBDB96 = {
						CreatedOnToolsVersion = 6.3.2;
					};
					AAF54A181B2F57D000CBDB96 = {
						CreatedOnToolsVersion = 6.3.2;
						TestTargetID = AAF549FF1B2F57D000CBDB96;
					};
				};
			};
			buildConfigurationList = AAF549FB1B2F57D000CBDB96 /* Build configuration list for PBXProject "AutoLayoutHelper" */;
			compatibilityVersion = "Xcode 3.2";
			developmentRegion = English;
			hasScannedForEncodings = 0;
			knownRegions = (
				en,
				Base,
			);
			mainGroup = AAF549F71B2F57D000CBDB96;
			productRefGroup = AAF54A011B2F57D000CBDB96 /* Products */;
			projectDirPath = "";
			projectRoot = "";
			targets = (
				AAF549FF1B2F57D000CBDB96 /* AutoLayoutHelper */,
				AAF54A181B2F57D000CBDB96 /* AutoLayoutHelperTests */,
			);
		};
/* End PBXProject section */

/* Begin PBXResourcesBuildPhase section */
		AAF549FE1B2F57D000CBDB96 /* Resources */ = {
			isa = PBXResourcesBuildPhase;
			buildActionMask = 2147483647;
			files = (
				AAF54A0F1B2F57D000CBDB96 /* Main.storyboard in Resources */,
				AAF54A141B2F57D000CBDB96 /* LaunchScreen.xib in Resources */,
				AAF54A111B2F57D000CBDB96 /* Images.xcassets in Resources */,
			);
			runOnlyForDeploymentPostprocessing = 0;
		};
		AAF54A171B2F57D000CBDB96 /* Resources */ = {
			isa = PBXResourcesBuildPhase;
			buildActionMask = 2147483647;
			files = (
			);
			runOnlyForDeploymentPostprocessing = 0;
		};
/* End PBXResourcesBuildPhase section */

/* Begin PBXSourcesBuildPhase section */
		AAF549FC1B2F57D000CBDB96 /* Sources */ = {
			isa = PBXSourcesBuildPhase;
			buildActionMask = 2147483647;
			files = (
				AAF54A0C1B2F57D000CBDB96 /* ViewController.m in Sources */,
				AAF54A091B2F57D000CBDB96 /* AppDelegate.m in Sources */,
				AAF54A061B2F57D000CBDB96 /* main.m in Sources */,
				AA8DCFA21B2F61B1001D260E /* UIView+AutoLayoutHelper.m in Sources */,
			);
			runOnlyForDeploymentPostprocessing = 0;
		};
		AAF54A151B2F57D000CBDB96 /* Sources */ = {
			isa = PBXSourcesBuildPhase;
			buildActionMask = 2147483647;
			files = (
				AAF54A201B2F57D000CBDB96 /* AutoLayoutHelperTests.m in Sources */,
			);
			runOnlyForDeploymentPostprocessing = 0;
		};
/* End PBXSourcesBuildPhase section */

/* Begin PBXTargetDependency section */
		AAF54A1B1B2F57D000CBDB96 /* PBXTargetDependency */ = {
			isa = PBXTargetDependency;
			target = AAF549FF1B2F57D000CBDB96 /* AutoLayoutHelper */;
			targetProxy = AAF54A1A1B2F57D000CBDB96 /* PBXContainerItemProxy */;
		};
/* End PBXTargetDependency section */

/* Begin PBXVariantGroup section */
		AAF54A0D1B2F57D000CBDB96 /* Main.storyboard */ = {
			isa = PBXVariantGroup;
			children = (
				AAF54A0E1B2F57D000CBDB96 /* Base */,
			);
			name = Main.storyboard;
			sourceTree = "<group>";
		};
		AAF54A121B2F57D000CBDB96 /* LaunchScreen.xib */ = {
			isa = PBXVariantGroup;
			children = (
				AAF54A131B2F57D000CBDB96 /* Base */,
			);
			name = LaunchScreen.xib;
			sourceTree = "<group>";
		};
/* End PBXVariantGroup section */

/* Begin XCBuildConfiguration section */
		AAF54A211B2F57D000CBDB96 /* Debug */ = {
			isa = XCBuildConfiguration;
			buildSettings = {
				ALWAYS_SEARCH_USER_PATHS = NO;
				CLANG_CXX_LANGUAGE_STANDARD = "gnu++0x";
				CLANG_CXX_LIBRARY = "libc++";
				CLANG_ENABLE_MODULES = YES;
				CLANG_ENABLE_OBJC_ARC = YES;
				CLANG_WARN_BOOL_CONVERSION = YES;
				CLANG_WARN_CONSTANT_CONVERSION = YES;
				CLANG_WARN_DIRECT_OBJC_ISA_USAGE = YES_ERROR;
				CLANG_WARN_EMPTY_BODY = YES;
				CLANG_WARN_ENUM_CONVERSION = YES;
				CLANG_WARN_INT_CONVERSION = YES;
				CLANG_WARN_OBJC_ROOT_CLASS = YES_ERROR;
				CLANG_WARN_UNREACHABLE_CODE = YES;
				CLANG_WARN__DUPLICATE_METHOD_MATCH = YES;
				"CODE_SIGN_IDENTITY[sdk=iphoneos*]" = "iPhone Developer";
				COPY_PHASE_STRIP = NO;
				DEBUG_INFORMATION_FORMAT = "dwarf-with-dsym";
				ENABLE_STRICT_OBJC_MSGSEND = YES;
				GCC_C_LANGUAGE_STANDARD = gnu99;
				GCC_DYNAMIC_NO_PIC = NO;
				GCC_NO_COMMON_BLOCKS = YES;
				GCC_OPTIMIZATION_LEVEL = 0;
				GCC_PREPROCESSOR_DEFINITIONS = (
					"DEBUG=1",
					"$(inherited)",
				);
				GCC_SYMBOLS_PRIVATE_EXTERN = NO;
				GCC_WARN_64_TO_32_BIT_CONVERSION = YES;
				GCC_WARN_ABOUT_RETURN_TYPE = YES_ERROR;
				GCC_WARN_UNDECLARED_SELECTOR = YES;
				GCC_WARN_UNINITIALIZED_AUTOS = YES_AGGRESSIVE;
				GCC_WARN_UNUSED_FUNCTION = YES;
				GCC_WARN_UNUSED_VARIABLE = YES;
				IPHONEOS_DEPLOYMENT_TARGET = 8.3;
				MTL_ENABLE_DEBUG_INFO = YES;
				ONLY_ACTIVE_ARCH = YES;
				SDKROOT = iphoneos;
				TARGETED_DEVICE_FAMILY = "1,2";
			};
			name = Debug;
		};
		AAF54A221B2F57D000CBDB96 /* Release */ = {
			isa = XCBuildConfiguration;
			buildSettings = {
				ALWAYS_SEARCH_USER_PATHS = NO;
				CLANG_CXX_LANGUAGE_STANDARD = "gnu++0x";
				CLANG_CXX_LIBRARY = "libc++";
				CLANG_ENABLE_MODULES = YES;
				CLANG_ENABLE_OBJC_ARC = YES;
				CLANG_WARN_BOOL_CONVERSION = YES;
				CLANG_WARN_CONSTANT_CONVERSION = YES;
				CLANG_WARN_DIRECT_OBJC_ISA_USAGE = YES_ERROR;
				CLANG_WARN_EMPTY_BODY = YES;
				CLANG_WARN_ENUM_CONVERSION = YES;
				CLANG_WARN_INT_CONVERSION = YES;
				CLANG_WARN_OBJC_ROOT_CLASS = YES_ERROR;
				CLANG_WARN_UNREACHABLE_CODE = YES;
				CLANG_WARN__DUPLICATE_METHOD_MATCH = YES;
				"CODE_SIGN_IDENTITY[sdk=iphoneos*]" = "iPhone Developer";
				COPY_PHASE_STRIP = NO;
				DEBUG_INFORMATION_FORMAT = "dwarf-with-dsym";
				ENABLE_NS_ASSERTIONS = NO;
				ENABLE_STRICT_OBJC_MSGSEND = YES;
				GCC_C_LANGUAGE_STANDARD = gnu99;
				GCC_NO_COMMON_BLOCKS = YES;
				GCC_WARN_64_TO_32_BIT_CONVERSION = YES;
				GCC_WARN_ABOUT_RETURN_TYPE = YES_ERROR;
				GCC_WARN_UNDECLARED_SELECTOR = YES;
				GCC_WARN_UNINITIALIZED_AUTOS = YES_AGGRESSIVE;
				GCC_WARN_UNUSED_FUNCTION = YES;
				GCC_WARN_UNUSED_VARIABLE = YES;
				IPHONEOS_DEPLOYMENT_TARGET = 8.3;
				MTL_ENABLE_DEBUG_INFO = NO;
				SDKROOT = iphoneos;
				TARGETED_DEVICE_FAMILY = "1,2";
				VALIDATE_PRODUCT = YES;
			};
			name = Release;
		};
		AAF54A241B2F57D000CBDB96 /* Debug */ = {
			isa = XCBuildConfiguration;
			buildSettings = {
				ASSETCATALOG_COMPILER_APPICON_NAME = AppIcon;
				INFOPLIST_FILE = AutoLayoutHelper/Info.plist;
				LD_RUNPATH_SEARCH_PATHS = "$(inherited) @executable_path/Frameworks";
				PRODUCT_NAME = "$(TARGET_NAME)";
			};
			name = Debug;
		};
		AAF54A251B2F57D000CBDB96 /* Release */ = {
			isa = XCBuildConfiguration;
			buildSettings = {
				ASSETCATALOG_COMPILER_APPICON_NAME = AppIcon;
				INFOPLIST_FILE = AutoLayoutHelper/Info.plist;
				LD_RUNPATH_SEARCH_PATHS = "$(inherited) @executable_path/Frameworks";
				PRODUCT_NAME = "$(TARGET_NAME)";
			};
			name = Release;
		};
		AAF54A271B2F57D000CBDB96 /* Debug */ = {
			isa = XCBuildConfiguration;
			buildSettings = {
				BUNDLE_LOADER = "$(TEST_HOST)";
				FRAMEWORK_SEARCH_PATHS = (
					"$(SDKROOT)/Developer/Library/Frameworks",
					"$(inherited)",
				);
				GCC_PREPROCESSOR_DEFINITIONS = (
					"DEBUG=1",
					"$(inherited)",
				);
				INFOPLIST_FILE = AutoLayoutHelperTests/Info.plist;
				LD_RUNPATH_SEARCH_PATHS = "$(inherited) @executable_path/Frameworks @loader_path/Frameworks";
				PRODUCT_NAME = "$(TARGET_NAME)";
				TEST_HOST = "$(BUILT_PRODUCTS_DIR)/AutoLayoutHelper.app/AutoLayoutHelper";
			};
			name = Debug;
		};
		AAF54A281B2F57D000CBDB96 /* Release */ = {
			isa = XCBuildConfiguration;
			buildSettings = {
				BUNDLE_LOADER = "$(TEST_HOST)";
				FRAMEWORK_SEARCH_PATHS = (
					"$(SDKROOT)/Developer/Library/Frameworks",
					"$(inherited)",
				);
				INFOPLIST_FILE = AutoLayoutHelperTests/Info.plist;
				LD_RUNPATH_SEARCH_PATHS = "$(inherited) @executable_path/Frameworks @loader_path/Frameworks";
				PRODUCT_NAME = "$(TARGET_NAME)";
				TEST_HOST = "$(BUILT_PRODUCTS_DIR)/AutoLayoutHelper.app/AutoLayoutHelper";
			};
			name = Release;
		};
/* End XCBuildConfiguration section */

/* Begin XCConfigurationList section */
		AAF549FB1B2F57D000CBDB96 /* Build configuration list for PBXProject "AutoLayoutHelper" */ = {
			isa = XCConfigurationList;
			buildConfigurations = (
				AAF54A211B2F57D000CBDB96 /* Debug */,
				AAF54A221B2F57D000CBDB96 /* Release */,
			);
			defaultConfigurationIsVisible = 0;
			defaultConfigurationName = Release;
		};
		AAF54A231B2F57D000CBDB96 /* Build configuration list for PBXNativeTarget "AutoLayoutHelper" */ = {
			isa = XCConfigurationList;
			buildConfigurations = (
				AAF54A241B2F57D000CBDB96 /* Debug */,
				AAF54A251B2F57D000CBDB96 /* Release */,
			);
			defaultConfigurationIsVisible = 0;
			defaultConfigurationName = Release;
		};
		AAF54A261B2F57D000CBDB96 /* Build configuration list for PBXNativeTarget "AutoLayoutHelperTests" */ = {
			isa = XCConfigurationList;
			buildConfigurations = (
				AAF54A271B2F57D000CBDB96 /* Debug */,
				AAF54A281B2F57D000CBDB96 /* Release */,
			);
			defaultConfigurationIsVisible = 0;
			defaultConfigurationName = Release;
		};
/* End XCConfigurationList section */
	};
	rootObject = AAF549F81B2F57D000CBDB96 /* Project object */;
}
